
Microsoft Visual Studio Solution File, Format Version 12.00
# Visual Studio Version 17
VisualStudioVersion = 17.9.34902.65
MinimumVisualStudioVersion = 10.0.40219.1
Project("{FAE04EC0-301F-11D3-BF4B-00C04F79EFBC}") = "TextRpg.AdminPanel", "TextRpg.AdminPanel\TextRpg.AdminPanel.csproj", "{498A9367-FBBE-41EC-BBAB-33209E1A9149}"
EndProject
Project("{FAE04EC0-301F-11D3-BF4B-00C04F79EFBC}") = "TextRpg.Core", "TextRpg.Core\TextRpg.Core.csproj", "{7520C16B-693F-4DD7-90BA-5D99DDE9AF02}"
EndProject
Project("{FAE04EC0-301F-11D3-BF4B-00C04F79EFBC}") = "TextRpg.Game", "TextRpg.Game\TextRpg.Game.csproj", "{4850F057-FB4E-4BDA-9ED3-F095205BB644}"
EndProject
Global
	GlobalSection(SolutionConfigurationPlatforms) = preSolution
		Debug|Any CPU = Debug|Any CPU
		Release|Any CPU = Release|Any CPU
	EndGlobalSection
	GlobalSection(ProjectConfigurationPlatforms) = postSolution
		{498A9367-FBBE-41EC-BBAB-33209E1A9149}.Debug|Any CPU.ActiveCfg = Debug|Any CPU
		{498A9367-FBBE-41EC-BBAB-33209E1A9149}.Debug|Any CPU.Build.0 = Debug|Any CPU
		{498A9367-FBBE-41EC-BBAB-33209E1A9149}.Release|Any CPU.ActiveCfg = Release|Any CPU
		{498A9367-FBBE-41EC-BBAB-33209E1A9149}.Release|Any CPU.Build.0 = Release|Any CPU
		{7520C16B-693F-4DD7-90BA-5D99DDE9AF02}.Debug|Any CPU.ActiveCfg = Debug|Any CPU
		{7520C16B-693F-4DD7-90BA-5D99DDE9AF02}.Debug|Any CPU.Build.0 = Debug|Any CPU
		{7520C16B-693F-4DD7-90BA-5D99DDE9AF02}.Release|Any CPU.ActiveCfg = Release|Any CPU
		{7520C16B-693F-4DD7-90BA-5D99DDE9AF02}.Release|Any CPU.Build.0 = Release|Any CPU
		{4850F057-FB4E-4BDA-9ED3-F095205BB644}.Debug|Any CPU.ActiveCfg = Debug|Any CPU
		{4850F057-FB4E-4BDA-9ED3-F095205BB644}.Debug|Any CPU.Build.0 = Debug|Any CPU
		{4850F057-FB4E-4BDA-9ED3-F095205BB644}.Release|Any CPU.ActiveCfg = Release|Any CPU
		{4850F057-FB4E-4BDA-9ED3-F095205BB644}.Release|Any CPU.Build.0 = Release|Any CPU
	EndGlobalSection
	GlobalSection(SolutionProperties) = preSolution
		HideSolutionNode = FALSE
	EndGlobalSection
	GlobalSection(ExtensibilityGlobals) = postSolution
		SolutionGuid = {03655CAE-24BB-4A79-8119-13FCF465D855}
	EndGlobalSection
EndGlobal
